
Microsoft Visual Studio Solution File, Format Version 12.00
# Visual Studio Version 17
VisualStudioVersion = 17.3.32922.545
MinimumVisualStudioVersion = 10.0.40219.1
Project("{FAE04EC0-301F-11D3-BF4B-00C04F79EFBC}") = "amali_ds", "amali_ds\amali_ds.csproj", "{AB33C007-43C5-420F-874C-1F6ABFEB039E}"
EndProject
Global
	GlobalSection(SolutionConfigurationPlatforms) = preSolution
		Debug|Any CPU = Debug|Any CPU
		Release|Any CPU = Release|Any CPU
	EndGlobalSection
	GlobalSection(ProjectConfigurationPlatforms) = postSolution
		{AB33C007-43C5-420F-874C-1F6ABFEB039E}.Debug|Any CPU.ActiveCfg = Debug|Any CPU
		{AB33C007-43C5-420F-874C-1F6ABFEB039E}.Debug|Any CPU.Build.0 = Debug|Any CPU
		{AB33C007-43C5-420F-874C-1F6ABFEB039E}.Release|Any CPU.ActiveCfg = Release|Any CPU
		{AB33C007-43C5-420F-874C-1F6ABFEB039E}.Release|Any CPU.Build.0 = Release|Any CPU
	EndGlobalSection
	GlobalSection(SolutionProperties) = preSolution
		HideSolutionNode = FALSE
	EndGlobalSection
	GlobalSection(ExtensibilityGlobals) = postSolution
		SolutionGuid = {EF1D1835-BC3F-4EB9-AF4F-F392D1918B82}
	EndGlobalSection
EndGlobal
