
Microsoft Visual Studio Solution File, Format Version 12.00
# Visual Studio Version 17
VisualStudioVersion = 17.3.32922.545
MinimumVisualStudioVersion = 10.0.40219.1
Project("{FAE04EC0-301F-11D3-BF4B-00C04F79EFBC}") = "amali_DS_7_3", "amali_DS_7_3\amali_DS_7_3.csproj", "{FDEE60F4-DFC9-4358-B80D-E955ED0AB17A}"
EndProject
Global
	GlobalSection(SolutionConfigurationPlatforms) = preSolution
		Debug|Any CPU = Debug|Any CPU
		Release|Any CPU = Release|Any CPU
	EndGlobalSection
	GlobalSection(ProjectConfigurationPlatforms) = postSolution
		{FDEE60F4-DFC9-4358-B80D-E955ED0AB17A}.Debug|Any CPU.ActiveCfg = Debug|Any CPU
		{FDEE60F4-DFC9-4358-B80D-E955ED0AB17A}.Debug|Any CPU.Build.0 = Debug|Any CPU
		{FDEE60F4-DFC9-4358-B80D-E955ED0AB17A}.Release|Any CPU.ActiveCfg = Release|Any CPU
		{FDEE60F4-DFC9-4358-B80D-E955ED0AB17A}.Release|Any CPU.Build.0 = Release|Any CPU
	EndGlobalSection
	GlobalSection(SolutionProperties) = preSolution
		HideSolutionNode = FALSE
	EndGlobalSection
	GlobalSection(ExtensibilityGlobals) = postSolution
		SolutionGuid = {BDF65AAA-2CE1-4290-88FA-564F741F2803}
	EndGlobalSection
EndGlobal
