
Microsoft Visual Studio Solution File, Format Version 12.00
# Visual Studio Version 17
VisualStudioVersion = 17.3.32922.545
MinimumVisualStudioVersion = 10.0.40219.1
Project("{FAE04EC0-301F-11D3-BF4B-00C04F79EFBC}") = "amali_DS_3_1", "amali_DS_3_1\amali_DS_3_1.csproj", "{D236EA49-67D9-44B0-A041-93522CE372A2}"
EndProject
Global
	GlobalSection(SolutionConfigurationPlatforms) = preSolution
		Debug|Any CPU = Debug|Any CPU
		Release|Any CPU = Release|Any CPU
	EndGlobalSection
	GlobalSection(ProjectConfigurationPlatforms) = postSolution
		{D236EA49-67D9-44B0-A041-93522CE372A2}.Debug|Any CPU.ActiveCfg = Debug|Any CPU
		{D236EA49-67D9-44B0-A041-93522CE372A2}.Debug|Any CPU.Build.0 = Debug|Any CPU
		{D236EA49-67D9-44B0-A041-93522CE372A2}.Release|Any CPU.ActiveCfg = Release|Any CPU
		{D236EA49-67D9-44B0-A041-93522CE372A2}.Release|Any CPU.Build.0 = Release|Any CPU
	EndGlobalSection
	GlobalSection(SolutionProperties) = preSolution
		HideSolutionNode = FALSE
	EndGlobalSection
	GlobalSection(ExtensibilityGlobals) = postSolution
		SolutionGuid = {21DDB571-8935-4F36-A263-79886BB73A88}
	EndGlobalSection
EndGlobal
