
Microsoft Visual Studio Solution File, Format Version 12.00
# Visual Studio Version 17
VisualStudioVersion = 17.3.32922.545
MinimumVisualStudioVersion = 10.0.40219.1
Project("{FAE04EC0-301F-11D3-BF4B-00C04F79EFBC}") = "amali_DS_6_2", "amali_DS_6_2\amali_DS_6_2.csproj", "{679029F3-F11F-44E4-8AAB-66D014356515}"
EndProject
Global
	GlobalSection(SolutionConfigurationPlatforms) = preSolution
		Debug|Any CPU = Debug|Any CPU
		Release|Any CPU = Release|Any CPU
	EndGlobalSection
	GlobalSection(ProjectConfigurationPlatforms) = postSolution
		{679029F3-F11F-44E4-8AAB-66D014356515}.Debug|Any CPU.ActiveCfg = Debug|Any CPU
		{679029F3-F11F-44E4-8AAB-66D014356515}.Debug|Any CPU.Build.0 = Debug|Any CPU
		{679029F3-F11F-44E4-8AAB-66D014356515}.Release|Any CPU.ActiveCfg = Release|Any CPU
		{679029F3-F11F-44E4-8AAB-66D014356515}.Release|Any CPU.Build.0 = Release|Any CPU
	EndGlobalSection
	GlobalSection(SolutionProperties) = preSolution
		HideSolutionNode = FALSE
	EndGlobalSection
	GlobalSection(ExtensibilityGlobals) = postSolution
		SolutionGuid = {6E33504D-A4CF-41EB-B4AE-84195B83B4EA}
	EndGlobalSection
EndGlobal
